
Microsoft Visual Studio Solution File, Format Version 12.00
# Visual Studio 15
VisualStudioVersion = 15.0.26730.16
MinimumVisualStudioVersion = 10.0.40219.1
Project("{FAE04EC0-301F-11D3-BF4B-00C04F79EFBC}") = "Algorithms", "Algorithms\Algorithms.csproj", "{D8BD6C4A-877B-45C4-998C-1B02188592E0}"
EndProject
Project("{FAE04EC0-301F-11D3-BF4B-00C04F79EFBC}") = "DataStructures", "..\DataStructures\DataStructures\DataStructures.csproj", "{783B7C19-F4F6-4D8F-8E32-437327902A6A}"
EndProject
Global
	GlobalSection(SolutionConfigurationPlatforms) = preSolution
		Debug|Any CPU = Debug|Any CPU
		Release|Any CPU = Release|Any CPU
	EndGlobalSection
	GlobalSection(ProjectConfigurationPlatforms) = postSolution
		{D8BD6C4A-877B-45C4-998C-1B02188592E0}.Debug|Any CPU.ActiveCfg = Debug|Any CPU
		{D8BD6C4A-877B-45C4-998C-1B02188592E0}.Debug|Any CPU.Build.0 = Debug|Any CPU
		{D8BD6C4A-877B-45C4-998C-1B02188592E0}.Release|Any CPU.ActiveCfg = Release|Any CPU
		{D8BD6C4A-877B-45C4-998C-1B02188592E0}.Release|Any CPU.Build.0 = Release|Any CPU
		{783B7C19-F4F6-4D8F-8E32-437327902A6A}.Debug|Any CPU.ActiveCfg = Debug|Any CPU
		{783B7C19-F4F6-4D8F-8E32-437327902A6A}.Debug|Any CPU.Build.0 = Debug|Any CPU
		{783B7C19-F4F6-4D8F-8E32-437327902A6A}.Release|Any CPU.ActiveCfg = Release|Any CPU
		{783B7C19-F4F6-4D8F-8E32-437327902A6A}.Release|Any CPU.Build.0 = Release|Any CPU
	EndGlobalSection
	GlobalSection(SolutionProperties) = preSolution
		HideSolutionNode = FALSE
	EndGlobalSection
	GlobalSection(ExtensibilityGlobals) = postSolution
		SolutionGuid = {E13C3100-BD2F-4F79-BA2A-34156D064D1F}
	EndGlobalSection
EndGlobal
